{
  "name": "be-focused",
  "version": "0.0.0",
  "lockfileVersion": 2,
  "requires": true,
  "packages": {
    "": {
      "name": "be-focused",
      "version": "0.0.0",
      "license": "MIT",
      "dependencies": {
        "be-decorated": "0.0.125",
        "be-hive": "0.0.48"
      }
    },
    "node_modules/be-decorated": {
      "version": "0.0.125",
      "resolved": "https://registry.npmjs.org/be-decorated/-/be-decorated-0.0.125.tgz",
      "integrity": "sha512-K+dRqw3HV5prvG3Ujtw4tUVpoGnMPm+oM3c9FQI4UdKWYItkghuDdP8U8nr23Lk2yH4ccee4vl244kE/Vk/gJg==",
      "dependencies": {
        "trans-render": "0.0.537",
        "xtal-element": "0.0.493"
      }
    },
    "node_modules/be-hive": {
      "version": "0.0.48",
      "resolved": "https://registry.npmjs.org/be-hive/-/be-hive-0.0.48.tgz",
      "integrity": "sha512-kuJkTa68s+f5tL7t8ONIrSxjdkVg2+mmgRQANEz6Elz93bp7QUU0zKEs8fzWc4qzAodwyqzJCMhSmbDCAlyjeA==",
      "dependencies": {
        "xtal-element": "0.0.493"
      }
    },
    "node_modules/trans-render": {
      "version": "0.0.537",
      "resolved": "https://registry.npmjs.org/trans-render/-/trans-render-0.0.537.tgz",
      "integrity": "sha512-O8wXW0sjFS4HWCI3c9u0fQH+9xEemZKfBpgGuTHm591lU7bOWsfYljLQwcVpEVWb+Ri2X+N/+A1bHDHc/aqZ8w=="
    },
    "node_modules/xtal-element": {
      "version": "0.0.493",
      "resolved": "https://registry.npmjs.org/xtal-element/-/xtal-element-0.0.493.tgz",
      "integrity": "sha512-eQnG/LGcWnjIOXCt8Hrb3hala3GSz137Dm85qsWT3pX55V3jJQfElLXK6wfFLn2M/STh4ABdK13BtaihM69OUQ==",
      "dependencies": {
        "trans-render": "0.0.536"
      }
    },
    "node_modules/xtal-element/node_modules/trans-render": {
      "version": "0.0.536",
      "resolved": "https://registry.npmjs.org/trans-render/-/trans-render-0.0.536.tgz",
      "integrity": "sha512-LY4Ww8kXrjb2APtVmweNm0Hqjr2ULQ+zU9ECLlCyzO/XnKo9M79LPOu+e90LFMe+z5UB4trCw4c/k5ldZ9qvvg=="
    }
  },
  "dependencies": {
    "be-decorated": {
      "version": "0.0.125",
      "resolved": "https://registry.npmjs.org/be-decorated/-/be-decorated-0.0.125.tgz",
      "integrity": "sha512-K+dRqw3HV5prvG3Ujtw4tUVpoGnMPm+oM3c9FQI4UdKWYItkghuDdP8U8nr23Lk2yH4ccee4vl244kE/Vk/gJg==",
      "requires": {
        "trans-render": "0.0.537",
        "xtal-element": "0.0.493"
      }
    },
    "be-hive": {
      "version": "0.0.48",
      "resolved": "https://registry.npmjs.org/be-hive/-/be-hive-0.0.48.tgz",
      "integrity": "sha512-kuJkTa68s+f5tL7t8ONIrSxjdkVg2+mmgRQANEz6Elz93bp7QUU0zKEs8fzWc4qzAodwyqzJCMhSmbDCAlyjeA==",
      "requires": {
        "xtal-element": "0.0.493"
      }
    },
    "trans-render": {
      "version": "0.0.537",
      "resolved": "https://registry.npmjs.org/trans-render/-/trans-render-0.0.537.tgz",
      "integrity": "sha512-O8wXW0sjFS4HWCI3c9u0fQH+9xEemZKfBpgGuTHm591lU7bOWsfYljLQwcVpEVWb+Ri2X+N/+A1bHDHc/aqZ8w=="
    },
    "xtal-element": {
      "version": "0.0.493",
      "resolved": "https://registry.npmjs.org/xtal-element/-/xtal-element-0.0.493.tgz",
      "integrity": "sha512-eQnG/LGcWnjIOXCt8Hrb3hala3GSz137Dm85qsWT3pX55V3jJQfElLXK6wfFLn2M/STh4ABdK13BtaihM69OUQ==",
      "requires": {
        "trans-render": "0.0.536"
      },
      "dependencies": {
        "trans-render": {
          "version": "0.0.536",
          "resolved": "https://registry.npmjs.org/trans-render/-/trans-render-0.0.536.tgz",
          "integrity": "sha512-LY4Ww8kXrjb2APtVmweNm0Hqjr2ULQ+zU9ECLlCyzO/XnKo9M79LPOu+e90LFMe+z5UB4trCw4c/k5ldZ9qvvg=="
        }
      }
    }
  }
}
